<Solution>
  <Folder Name="/.github/">
    <File Path=".github/dependabot.yml" />
    <File Path=".github/release.yml" />
  </Folder>

  <Folder Name="/.github/workflows/">
    <File Path=".github/workflows/BuildTestDeploy.yml" />
    <File Path=".github/workflows/DependabotAutoMerge.yml" />
  </Folder>

  <Folder Name="/Solution Items/">
    <File Path=".editorconfig" />
    <File Path=".gitattributes" />
    <File Path=".gitignore" />
    <File Path=".runsettings" />
    <File Path="Directory.Build.props" />
    <File Path="Directory.build.targets" />
    <File Path="LICENSE.txt" />
    <File Path="README.md" />
    <File Path="version.json" />
  </Folder>

  <Folder Name="/src/">
    <Project Path="src/Vectron.Extensions.Hosting.Wpf/Vectron.Extensions.Hosting.Wpf.csproj" />
  </Folder>

  <Folder Name="/test/">
    <File Path="tests/.editorconfig" />
    <File Path="tests/Directory.Build.props" />
  </Folder>
</Solution>
